Microsoft Visual Studio Solution File, Format Version 12.00
# Visual Studio Version 17
VisualStudioVersion = 17.5.2.0
MinimumVisualStudioVersion = 10.0.40219.1
Project("{FAE04EC0-301F-11D3-BF4B-00C04F79EFBC}") = "RustFfiDemo", "RustFfiDemo.csproj", "{62436DCB-2C33-58C9-84E7-33D75CF354BB}"
EndProject
Global
	GlobalSection(SolutionConfigurationPlatforms) = preSolution
		Debug|Any CPU = Debug|Any CPU
		Release|Any CPU = Release|Any CPU
	EndGlobalSection
	GlobalSection(ProjectConfigurationPlatforms) = postSolution
		{62436DCB-2C33-58C9-84E7-33D75CF354BB}.Debug|Any CPU.ActiveCfg = Debug|Any CPU
		{62436DCB-2C33-58C9-84E7-33D75CF354BB}.Debug|Any CPU.Build.0 = Debug|Any CPU
		{62436DCB-2C33-58C9-84E7-33D75CF354BB}.Release|Any CPU.ActiveCfg = Release|Any CPU
		{62436DCB-2C33-58C9-84E7-33D75CF354BB}.Release|Any CPU.Build.0 = Release|Any CPU
	EndGlobalSection
	GlobalSection(SolutionProperties) = preSolution
		HideSolutionNode = FALSE
	EndGlobalSection
	GlobalSection(ExtensibilityGlobals) = postSolution
		SolutionGuid = {BD40F72A-D5D4-462E-942E-692667578FB0}
	EndGlobalSection
EndGlobal
